version = 1
revision = 3
requires-python = ">=3.12"

[[package]]
name = "aws-lambda-typing"
version = "2.20.0"
source = { registry = "https://pypi.org/simple" }
sdist = { url = "https://files.pythonhosted.org/packages/ba/2a/14e7a3dba738265db6eddfd0c9ec1619c0c14e48fcf70627fc75fca83305/aws-lambda-typing-2.20.0.tar.gz", hash = "sha256:78b0d8ebab73b3a6b0da98a7969f4e9c4bb497298ec50f3217da8a8dfba17154", size = 19413, upload-time = "2024-04-02T09:43:03.326Z" }
wheels = [
    { url = "https://files.pythonhosted.org/packages/55/3d/4031f5950d65e89136d20a18b5ac985d5f087c29c902f285b6e8063619e4/aws_lambda_typing-2.20.0-py3-none-any.whl", hash = "sha256:1d44264cabfeab5ac38e67ddd0c874e677b2cbbae77a42d0519df470e6bbb49b", size = 35296, upload-time = "2024-04-02T09:43:05.881Z" },
]

[[package]]
name = "boto3-stubs"
version = "1.40.45"
source = { registry = "https://pypi.org/simple" }
dependencies = [
    { name = "botocore-stubs" },
    { name = "types-s3transfer" },
]
sdist = { url = "https://files.pythonhosted.org/packages/bb/d7/9183a45a8a2b42dc8fe8848475ca0307a52a046326d51d56bc5314816e68/boto3_stubs-1.40.45.tar.gz", hash = "sha256:54e7c60abad6bd74af961371bcf95c4b6b23d363bfc29552c44c9db1bac98969", size = 100808, upload-time = "2025-10-03T19:42:29.63Z" }
wheels = [
    { url = "https://files.pythonhosted.org/packages/4c/b8/0bb26bba5c709733c642de2e7f733085d06b27c8f8dced2c4295f66feab3/boto3_stubs-1.40.45-py3-none-any.whl", hash = "sha256:ad1223afdcf59f0f8e8bbad68b963e0e1a6ac2c3d4eee29e66cfe7836c02994d", size = 69691, upload-time = "2025-10-03T19:42:24.475Z" },
]

[package.optional-dependencies]
dynamodb = [
    { name = "mypy-boto3-dynamodb" },
]

[[package]]
name = "botocore-stubs"
version = "1.40.33"
source = { registry = "https://pypi.org/simple" }
dependencies = [
    { name = "types-awscrt" },
]
sdist = { url = "https://files.pythonhosted.org/packages/ae/94/16f8e1f41feaa38f1350aa5a4c60c5724b6c8524ca0e6c28523bf5070e74/botocore_stubs-1.40.33.tar.gz", hash = "sha256:89c51ae0b28d9d79fde8c497cf908ddf872ce027d2737d4d4ba473fde9cdaa82", size = 42742, upload-time = "2025-09-17T20:25:56.388Z" }
wheels = [
    { url = "https://files.pythonhosted.org/packages/af/7b/6d8fe12a955b16094460e89ea7c4e063f131f4b3bd461b96bcd625d0c79e/botocore_stubs-1.40.33-py3-none-any.whl", hash = "sha256:ad21fee32cbdc7ad4730f29baf88424c7086bf88a745f8e43660ca3e9a7e5f89", size = 66843, upload-time = "2025-09-17T20:25:54.052Z" },
]

[[package]]
name = "mypy-boto3-dynamodb"
version = "1.40.44"
source = { registry = "https://pypi.org/simple" }
sdist = { url = "https://files.pythonhosted.org/packages/0a/63/31bc3e1d890541284df0d5569e61398d563c1982724ec4f19c08142e7048/mypy_boto3_dynamodb-1.40.44.tar.gz", hash = "sha256:58fa3a638b1caef5644b60f5894e1182a2951feb30a3dc6dedb34e1b0c9ded99", size = 47947, upload-time = "2025-10-02T20:37:27.963Z" }
wheels = [
    { url = "https://files.pythonhosted.org/packages/1e/52/1e6230eab337062f19fcfe1bd39cff0cc841b9a48c37318fd2b4d66b07a3/mypy_boto3_dynamodb-1.40.44-py3-none-any.whl", hash = "sha256:ab978a9d24997d513c5e35bf4aae9b3dfe4f8482a13799180ecefbb1dc93d271", size = 56994, upload-time = "2025-10-02T20:31:56.823Z" },
]

[[package]]
name = "policy-mate-lambda"
version = "0.1.0"
source = { virtual = "." }
dependencies = [
    { name = "aws-lambda-typing" },
    { name = "boto3-stubs", extra = ["dynamodb"] },
]

[package.metadata]
requires-dist = [
    { name = "aws-lambda-typing", specifier = ">=2.20.0" },
    { name = "boto3-stubs", extras = ["dynamodb"], specifier = ">=1.40.45" },
]

[[package]]
name = "types-awscrt"
version = "0.27.6"
source = { registry = "https://pypi.org/simple" }
sdist = { url = "https://files.pythonhosted.org/packages/56/ce/5d84526a39f44c420ce61b16654193f8437d74b54f21597ea2ac65d89954/types_awscrt-0.27.6.tar.gz", hash = "sha256:9d3f1865a93b8b2c32f137514ac88cb048b5bc438739945ba19d972698995bfb", size = 16937, upload-time = "2025-08-13T01:54:54.659Z" }
wheels = [
    { url = "https://files.pythonhosted.org/packages/ac/af/e3d20e3e81d235b3964846adf46a334645a8a9b25a0d3d472743eb079552/types_awscrt-0.27.6-py3-none-any.whl", hash = "sha256:18aced46da00a57f02eb97637a32e5894dc5aa3dc6a905ba3e5ed85b9f3c526b", size = 39626, upload-time = "2025-08-13T01:54:53.454Z" },
]

[[package]]
name = "types-s3transfer"
version = "0.13.1"
source = { registry = "https://pypi.org/simple" }
sdist = { url = "https://files.pythonhosted.org/packages/a5/c5/23946fac96c9dd5815ec97afd1c8ad6d22efa76c04a79a4823f2f67692a5/types_s3transfer-0.13.1.tar.gz", hash = "sha256:ce488d79fdd7d3b9d39071939121eca814ec65de3aa36bdce1f9189c0a61cc80", size = 14181, upload-time = "2025-08-31T16:57:06.93Z" }
wheels = [
    { url = "https://files.pythonhosted.org/packages/8e/dc/b3f9b5c93eed6ffe768f4972661250584d5e4f248b548029026964373bcd/types_s3transfer-0.13.1-py3-none-any.whl", hash = "sha256:4ff730e464a3fd3785b5541f0f555c1bd02ad408cf82b6b7a95429f6b0d26b4a", size = 19617, upload-time = "2025-08-31T16:57:05.73Z" },
]
